
Microsoft Visual Studio Solution File, Format Version 12.00
# Visual Studio 15
VisualStudioVersion = 15.0.28107.0
MinimumVisualStudioVersion = 10.0.40219.1
Project("{9A19103F-16F7-4668-BE54-9A1E7A4F7556}") = "IS4.Api", "IS4.Api\IS4.Api.csproj", "{6AB12AE3-16D8-46FB-85A3-9A62D617D8CD}"
EndProject
Project("{9A19103F-16F7-4668-BE54-9A1E7A4F7556}") = "IS4.Auth", "IS4.Auth\IS4.Auth.csproj", "{2343C06A-5660-4612-B5B7-F3D3F43D28BD}"
EndProject
Project("{9A19103F-16F7-4668-BE54-9A1E7A4F7556}") = "IS4.App", "IS4.App\IS4.App.csproj", "{FB3D02BC-25E5-47C7-B9CD-10023F7D8DEF}"
EndProject
Project("{2150E333-8FDC-42A3-9474-1A3956D46DE8}") = "Demo3", "Demo3", "{EB35EF06-8798-4AFE-B9E6-975683198591}"
EndProject
Project("{2150E333-8FDC-42A3-9474-1A3956D46DE8}") = "Demo1", "Demo1", "{8EC4D024-E011-41CC-84F6-0369C0AE047C}"
EndProject
Project("{2150E333-8FDC-42A3-9474-1A3956D46DE8}") = "Demo2", "Demo2", "{15CB51CB-4293-4FC8-93A5-0B057235EC85}"
EndProject
Project("{9A19103F-16F7-4668-BE54-9A1E7A4F7556}") = "IS4.Dummies", "IS4.Dummies\IS4.Dummies.csproj", "{B178F3EF-F453-4557-9685-187373D36136}"
EndProject
Project("{9A19103F-16F7-4668-BE54-9A1E7A4F7556}") = "IS4.Dummies.API", "IS4.Dummies.API\IS4.Dummies.API.csproj", "{9C5B4FE5-9913-449E-B40D-DA2C76670AFE}"
EndProject
Project("{9A19103F-16F7-4668-BE54-9A1E7A4F7556}") = "IS4.Dummies.Console", "IS4.Dummies.Console\IS4.Dummies.Console.csproj", "{3440F293-AE82-4621-A91F-06F7FFE8E78C}"
EndProject
Project("{FAE04EC0-301F-11D3-BF4B-00C04F79EFBC}") = "ISA.Credentials", "ISA.Credentials\ISA.Credentials.csproj", "{D2FE371A-1BA8-45A4-91E1-8939ACEBC74D}"
EndProject
Project("{FAE04EC0-301F-11D3-BF4B-00C04F79EFBC}") = "ISA.Credentials.Web", "ISA.Credentials.Web\ISA.Credentials.Web.csproj", "{CD5BDFA6-5A55-47F9-8B91-608259C00DE8}"
EndProject
Project("{FAE04EC0-301F-11D3-BF4B-00C04F79EFBC}") = "ISA.Credentials.API", "ISA.Credentials.API\ISA.Credentials.API.csproj", "{FE28F0B1-CA55-4BF6-BEC2-11D0F83032CB}"
EndProject
Global
	GlobalSection(SolutionConfigurationPlatforms) = preSolution
		Debug|Any CPU = Debug|Any CPU
		Release|Any CPU = Release|Any CPU
	EndGlobalSection
	GlobalSection(ProjectConfigurationPlatforms) = postSolution
		{6AB12AE3-16D8-46FB-85A3-9A62D617D8CD}.Debug|Any CPU.ActiveCfg = Debug|Any CPU
		{6AB12AE3-16D8-46FB-85A3-9A62D617D8CD}.Debug|Any CPU.Build.0 = Debug|Any CPU
		{6AB12AE3-16D8-46FB-85A3-9A62D617D8CD}.Release|Any CPU.ActiveCfg = Release|Any CPU
		{6AB12AE3-16D8-46FB-85A3-9A62D617D8CD}.Release|Any CPU.Build.0 = Release|Any CPU
		{2343C06A-5660-4612-B5B7-F3D3F43D28BD}.Debug|Any CPU.ActiveCfg = Debug|Any CPU
		{2343C06A-5660-4612-B5B7-F3D3F43D28BD}.Debug|Any CPU.Build.0 = Debug|Any CPU
		{2343C06A-5660-4612-B5B7-F3D3F43D28BD}.Release|Any CPU.ActiveCfg = Release|Any CPU
		{2343C06A-5660-4612-B5B7-F3D3F43D28BD}.Release|Any CPU.Build.0 = Release|Any CPU
		{FB3D02BC-25E5-47C7-B9CD-10023F7D8DEF}.Debug|Any CPU.ActiveCfg = Debug|Any CPU
		{FB3D02BC-25E5-47C7-B9CD-10023F7D8DEF}.Debug|Any CPU.Build.0 = Debug|Any CPU
		{FB3D02BC-25E5-47C7-B9CD-10023F7D8DEF}.Release|Any CPU.ActiveCfg = Release|Any CPU
		{FB3D02BC-25E5-47C7-B9CD-10023F7D8DEF}.Release|Any CPU.Build.0 = Release|Any CPU
		{B178F3EF-F453-4557-9685-187373D36136}.Debug|Any CPU.ActiveCfg = Debug|Any CPU
		{B178F3EF-F453-4557-9685-187373D36136}.Debug|Any CPU.Build.0 = Debug|Any CPU
		{B178F3EF-F453-4557-9685-187373D36136}.Release|Any CPU.ActiveCfg = Release|Any CPU
		{B178F3EF-F453-4557-9685-187373D36136}.Release|Any CPU.Build.0 = Release|Any CPU
		{9C5B4FE5-9913-449E-B40D-DA2C76670AFE}.Debug|Any CPU.ActiveCfg = Debug|Any CPU
		{9C5B4FE5-9913-449E-B40D-DA2C76670AFE}.Debug|Any CPU.Build.0 = Debug|Any CPU
		{9C5B4FE5-9913-449E-B40D-DA2C76670AFE}.Release|Any CPU.ActiveCfg = Release|Any CPU
		{9C5B4FE5-9913-449E-B40D-DA2C76670AFE}.Release|Any CPU.Build.0 = Release|Any CPU
		{3440F293-AE82-4621-A91F-06F7FFE8E78C}.Debug|Any CPU.ActiveCfg = Debug|Any CPU
		{3440F293-AE82-4621-A91F-06F7FFE8E78C}.Debug|Any CPU.Build.0 = Debug|Any CPU
		{3440F293-AE82-4621-A91F-06F7FFE8E78C}.Release|Any CPU.ActiveCfg = Release|Any CPU
		{3440F293-AE82-4621-A91F-06F7FFE8E78C}.Release|Any CPU.Build.0 = Release|Any CPU
		{D2FE371A-1BA8-45A4-91E1-8939ACEBC74D}.Debug|Any CPU.ActiveCfg = Debug|Any CPU
		{D2FE371A-1BA8-45A4-91E1-8939ACEBC74D}.Debug|Any CPU.Build.0 = Debug|Any CPU
		{D2FE371A-1BA8-45A4-91E1-8939ACEBC74D}.Release|Any CPU.ActiveCfg = Release|Any CPU
		{D2FE371A-1BA8-45A4-91E1-8939ACEBC74D}.Release|Any CPU.Build.0 = Release|Any CPU
		{CD5BDFA6-5A55-47F9-8B91-608259C00DE8}.Debug|Any CPU.ActiveCfg = Debug|Any CPU
		{CD5BDFA6-5A55-47F9-8B91-608259C00DE8}.Debug|Any CPU.Build.0 = Debug|Any CPU
		{CD5BDFA6-5A55-47F9-8B91-608259C00DE8}.Release|Any CPU.ActiveCfg = Release|Any CPU
		{CD5BDFA6-5A55-47F9-8B91-608259C00DE8}.Release|Any CPU.Build.0 = Release|Any CPU
		{FE28F0B1-CA55-4BF6-BEC2-11D0F83032CB}.Debug|Any CPU.ActiveCfg = Debug|Any CPU
		{FE28F0B1-CA55-4BF6-BEC2-11D0F83032CB}.Debug|Any CPU.Build.0 = Debug|Any CPU
		{FE28F0B1-CA55-4BF6-BEC2-11D0F83032CB}.Release|Any CPU.ActiveCfg = Release|Any CPU
		{FE28F0B1-CA55-4BF6-BEC2-11D0F83032CB}.Release|Any CPU.Build.0 = Release|Any CPU
	EndGlobalSection
	GlobalSection(SolutionProperties) = preSolution
		HideSolutionNode = FALSE
	EndGlobalSection
	GlobalSection(NestedProjects) = preSolution
		{6AB12AE3-16D8-46FB-85A3-9A62D617D8CD} = {EB35EF06-8798-4AFE-B9E6-975683198591}
		{2343C06A-5660-4612-B5B7-F3D3F43D28BD} = {EB35EF06-8798-4AFE-B9E6-975683198591}
		{FB3D02BC-25E5-47C7-B9CD-10023F7D8DEF} = {EB35EF06-8798-4AFE-B9E6-975683198591}
		{B178F3EF-F453-4557-9685-187373D36136} = {8EC4D024-E011-41CC-84F6-0369C0AE047C}
		{9C5B4FE5-9913-449E-B40D-DA2C76670AFE} = {8EC4D024-E011-41CC-84F6-0369C0AE047C}
		{3440F293-AE82-4621-A91F-06F7FFE8E78C} = {8EC4D024-E011-41CC-84F6-0369C0AE047C}
		{D2FE371A-1BA8-45A4-91E1-8939ACEBC74D} = {15CB51CB-4293-4FC8-93A5-0B057235EC85}
		{CD5BDFA6-5A55-47F9-8B91-608259C00DE8} = {15CB51CB-4293-4FC8-93A5-0B057235EC85}
		{FE28F0B1-CA55-4BF6-BEC2-11D0F83032CB} = {15CB51CB-4293-4FC8-93A5-0B057235EC85}
	EndGlobalSection
	GlobalSection(ExtensibilityGlobals) = postSolution
		SolutionGuid = {4A5B845B-067B-4B57-8758-809116B4DD39}
	EndGlobalSection
EndGlobal
